
Microsoft Visual Studio Solution File, Format Version 12.00
# Visual Studio 15
VisualStudioVersion = 15.0.28307.271
MinimumVisualStudioVersion = 10.0.40219.1
Project("{FAE04EC0-301F-11D3-BF4B-00C04F79EFBC}") = "lab0", "lab0\lab0.csproj", "{884BC314-9F58-472A-8A0B-7B7813ACEF5A}"
EndProject
Global
	GlobalSection(SolutionConfigurationPlatforms) = preSolution
		Debug|Any CPU = Debug|Any CPU
		Release|Any CPU = Release|Any CPU
	EndGlobalSection
	GlobalSection(ProjectConfigurationPlatforms) = postSolution
		{884BC314-9F58-472A-8A0B-7B7813ACEF5A}.Debug|Any CPU.ActiveCfg = Debug|Any CPU
		{884BC314-9F58-472A-8A0B-7B7813ACEF5A}.Debug|Any CPU.Build.0 = Debug|Any CPU
		{884BC314-9F58-472A-8A0B-7B7813ACEF5A}.Release|Any CPU.ActiveCfg = Release|Any CPU
		{884BC314-9F58-472A-8A0B-7B7813ACEF5A}.Release|Any CPU.Build.0 = Release|Any CPU
	EndGlobalSection
	GlobalSection(SolutionProperties) = preSolution
		HideSolutionNode = FALSE
	EndGlobalSection
	GlobalSection(ExtensibilityGlobals) = postSolution
		SolutionGuid = {3046A831-B151-4E51-A104-DFCE1DA3AC2D}
	EndGlobalSection
EndGlobal
